PODS:
  - GRDB.swift/SQLCipher (4.14.0):
    - SQLCipher (>= 3.4.0)
  - R.swift (5.2.2):
    - R.swift.Library (~> 5.2.0)
  - R.swift.Library (5.2.0)
  - Reveal-SDK (26)
  - SQLCipher (4.4.0):
    - SQLCipher/standard (= 4.4.0)
  - SQLCipher/common (4.4.0)
  - SQLCipher/standard (4.4.0):
    - SQLCipher/common
  - Swinject (2.7.1)
  - SwinjectAutoregistration (2.7.0):
    - Swinject (~> 2.7)

DEPENDENCIES:
  - GRDB.swift/SQLCipher
  - R.swift
  - Reveal-SDK
  - Swinject
  - SwinjectAutoregistration

SPEC REPOS:
  trunk:
    - GRDB.swift
    - R.swift
    - R.swift.Library
    - Reveal-SDK
    - SQLCipher
    - Swinject
    - SwinjectAutoregistration

SPEC CHECKSUMS:
  GRDB.swift: 8cc3ab7c8b8b4ac1761deb8dca4b51c1c9d429f8
  R.swift: 7c52cdc57a66840ffe6cbd8a823d732059d42a32
  R.swift.Library: 5ba4f1631300caf9a4d890186930da85d540769d
  Reveal-SDK: 5f94f14aff3d5f2a49f246edcd266fa4472679e9
  SQLCipher: e434ed542b24f38ea7b36468a13f9765e1b5c072
  Swinject: ddf78b8486dd9b71a667b852cad919ab4484478e
  SwinjectAutoregistration: 330f5012642a8b5c89a8a4adb0c5e52df07382c0

PODFILE CHECKSUM: a0965f038a4f373fae11dd2138b1d43f2e93be22

COCOAPODS: 1.9.3
